<?xml version="1.0" encoding="UTF-8" standalone="yes" ?>
<CodeBlocks_project_file>
	<FileVersion major="1" minor="6" />
	<Project>
		<Option title="PersonalHub" />
		<Option pch_mode="2" />
		<Option compiler="gcc" />
		<Build>
			<Target title="Debug">
				<Option output="bin/Debug/PersonalHub" prefix_auto="1" extension_auto="1" />
				<Option object_output="obj/Debug/" />
				<Option type="1" />
				<Option compiler="gcc" />
				<Compiler>
					<Add option="-g" />
				</Compiler>
			</Target>
			<Target title="Release">
				<Option output="bin/Release/PersonalHub" prefix_auto="1" extension_auto="1" />
				<Option object_output="obj/Release/" />
				<Option type="1" />
				<Option compiler="gcc" />
				<Compiler>
					<Add option="-O2" />
				</Compiler>
				<Linker>
					<Add option="-s" />
				</Linker>
			</Target>
		</Build>
		<Compiler>
			<Add option="-Wall" />
			<Add directory="include" />
		</Compiler>
		<Unit filename="include/calendar.h" />
		<Unit filename="include/colors.h" />
		<Unit filename="include/example.h" />
		<Unit filename="include/form.h" />
		<Unit filename="include/globals.h" />
		<Unit filename="include/login.h" />
		<Unit filename="include/loginhandler.h" />
		<Unit filename="include/mainpage.h" />
		<Unit filename="include/notepad.h" />
		<Unit filename="include/sidebar.h" />
		<Unit filename="include/utils.h" />
		<Unit filename="main.c">
			<Option compilerVar="CC" />
		</Unit>
		<Unit filename="src/calendar.c">
			<Option compilerVar="CC" />
		</Unit>
		<Unit filename="src/example.c">
			<Option compilerVar="CC" />
		</Unit>
		<Unit filename="src/form.c">
			<Option compilerVar="CC" />
		</Unit>
		<Unit filename="src/login.c">
			<Option compilerVar="CC" />
		</Unit>
		<Unit filename="src/loginhandler.c">
			<Option compilerVar="CC" />
		</Unit>
		<Unit filename="src/mainpage.c">
			<Option compilerVar="CC" />
		</Unit>
		<Unit filename="src/notepad.c">
			<Option compilerVar="CC" />
		</Unit>
		<Unit filename="src/sidebar.c">
			<Option compilerVar="CC" />
		</Unit>
		<Unit filename="src/utils.c">
			<Option compilerVar="CC" />
		</Unit>
		<Extensions>
			<lib_finder disable_auto="1" />
		</Extensions>
	</Project>
</CodeBlocks_project_file>
